
Microsoft Visual Studio Solution File, Format Version 12.00
# Visual Studio 15
VisualStudioVersion = 15.0.27428.2015
MinimumVisualStudioVersion = 10.0.40219.1
Project("{FAE04EC0-301F-11D3-BF4B-00C04F79EFBC}") = "cbthelper", "cbthelper\cbthelper.csproj", "{C990A6EE-C4CD-4785-A89E-165396099912}"
EndProject
Global
	GlobalSection(SolutionConfigurationPlatforms) = preSolution
		Debug|Any CPU = Debug|Any CPU
		Release|Any CPU = Release|Any CPU
	EndGlobalSection
	GlobalSection(ProjectConfigurationPlatforms) = postSolution
		{C990A6EE-C4CD-4785-A89E-165396099912}.Debug|Any CPU.ActiveCfg = Debug|Any CPU
		{C990A6EE-C4CD-4785-A89E-165396099912}.Debug|Any CPU.Build.0 = Debug|Any CPU
		{C990A6EE-C4CD-4785-A89E-165396099912}.Release|Any CPU.ActiveCfg = Release|Any CPU
		{C990A6EE-C4CD-4785-A89E-165396099912}.Release|Any CPU.Build.0 = Release|Any CPU
	EndGlobalSection
	GlobalSection(SolutionProperties) = preSolution
		HideSolutionNode = FALSE
	EndGlobalSection
	GlobalSection(ExtensibilityGlobals) = postSolution
		SolutionGuid = {8CFAF4BC-9101-4FAC-B8EC-11DBA9453B79}
	EndGlobalSection
EndGlobal
